
Microsoft Visual Studio Solution File, Format Version 12.00
# Visual Studio 15
VisualStudioVersion = 15.0.27130.2027
MinimumVisualStudioVersion = 10.0.40219.1
Project("{FAE04EC0-301F-11D3-BF4B-00C04F79EFBC}") = "MyFirstConsumerNew", "MyFirstConsumerNew\MyFirstConsumerNew.csproj", "{17CDE586-F424-458D-BE02-9873EACBE38D}"
EndProject
Global
	GlobalSection(SolutionConfigurationPlatforms) = preSolution
		Debug|Any CPU = Debug|Any CPU
		Release|Any CPU = Release|Any CPU
	EndGlobalSection
	GlobalSection(ProjectConfigurationPlatforms) = postSolution
		{17CDE586-F424-458D-BE02-9873EACBE38D}.Debug|Any CPU.ActiveCfg = Debug|Any CPU
		{17CDE586-F424-458D-BE02-9873EACBE38D}.Debug|Any CPU.Build.0 = Debug|Any CPU
		{17CDE586-F424-458D-BE02-9873EACBE38D}.Release|Any CPU.ActiveCfg = Release|Any CPU
		{17CDE586-F424-458D-BE02-9873EACBE38D}.Release|Any CPU.Build.0 = Release|Any CPU
	EndGlobalSection
	GlobalSection(SolutionProperties) = preSolution
		HideSolutionNode = FALSE
	EndGlobalSection
	GlobalSection(ExtensibilityGlobals) = postSolution
		SolutionGuid = {05F3B5E5-8248-4FE4-8E95-992A6A0A4334}
	EndGlobalSection
EndGlobal
